
Microsoft Visual Studio Solution File, Format Version 12.00
# Visual Studio 14
VisualStudioVersion = 14.0.25420.1
MinimumVisualStudioVersion = 10.0.40219.1
Project("{FAE04EC0-301F-11D3-BF4B-00C04F79EFBC}") = "HelloPrism", "HelloPrism\HelloPrism\HelloPrism.csproj", "{D8585F5A-C4DF-4ECE-BBF6-017C68DE8CCF}"
EndProject
Project("{FAE04EC0-301F-11D3-BF4B-00C04F79EFBC}") = "HelloPrism.Droid", "HelloPrism\HelloPrism.Droid\HelloPrism.Droid.csproj", "{8224F717-5B07-4649-8254-37F23D5BF136}"
EndProject
Project("{FAE04EC0-301F-11D3-BF4B-00C04F79EFBC}") = "HelloPrism.iOS", "HelloPrism\HelloPrism.iOS\HelloPrism.iOS.csproj", "{33EE728D-A9BE-473F-B2C1-12EB1C727E93}"
EndProject
Project("{FAE04EC0-301F-11D3-BF4B-00C04F79EFBC}") = "HelloPrism.UWP", "HelloPrism\HelloPrism.UWP\HelloPrism.UWP.csproj", "{4540119C-FFC8-45A5-B63F-80BF4E8B6A8F}"
EndProject
Global
	GlobalSection(SolutionConfigurationPlatforms) = preSolution
		Ad-Hoc|Any CPU = Ad-Hoc|Any CPU
		Ad-Hoc|ARM = Ad-Hoc|ARM
		Ad-Hoc|iPhone = Ad-Hoc|iPhone
		Ad-Hoc|iPhoneSimulator = Ad-Hoc|iPhoneSimulator
		Ad-Hoc|x64 = Ad-Hoc|x64
		Ad-Hoc|x86 = Ad-Hoc|x86
		AppStore|Any CPU = AppStore|Any CPU
		AppStore|ARM = AppStore|ARM
		AppStore|iPhone = AppStore|iPhone
		AppStore|iPhoneSimulator = AppStore|iPhoneSimulator
		AppStore|x64 = AppStore|x64
		AppStore|x86 = AppStore|x86
		Debug|Any CPU = Debug|Any CPU
		Debug|ARM = Debug|ARM
		Debug|iPhone = Debug|iPhone
		Debug|iPhoneSimulator = Debug|iPhoneSimulator
		Debug|x64 = Debug|x64
		Debug|x86 = Debug|x86
		Release|Any CPU = Release|Any CPU
		Release|ARM = Release|ARM
		Release|iPhone = Release|iPhone
		Release|iPhoneSimulator = Release|iPhoneSimulator
		Release|x64 = Release|x64
		Release|x86 = Release|x86
	EndGlobalSection
	GlobalSection(ProjectConfigurationPlatforms) = postSolution
		{D8585F5A-C4DF-4ECE-BBF6-017C68DE8CCF}.Ad-Hoc|Any CPU.ActiveCfg = Release|Any CPU
		{D8585F5A-C4DF-4ECE-BBF6-017C68DE8CCF}.Ad-Hoc|Any CPU.Build.0 = Release|Any CPU
		{D8585F5A-C4DF-4ECE-BBF6-017C68DE8CCF}.Ad-Hoc|ARM.ActiveCfg = Release|Any CPU
		{D8585F5A-C4DF-4ECE-BBF6-017C68DE8CCF}.Ad-Hoc|ARM.Build.0 = Release|Any CPU
		{D8585F5A-C4DF-4ECE-BBF6-017C68DE8CCF}.Ad-Hoc|iPhone.ActiveCfg = Release|Any CPU
		{D8585F5A-C4DF-4ECE-BBF6-017C68DE8CCF}.Ad-Hoc|iPhone.Build.0 = Release|Any CPU
		{D8585F5A-C4DF-4ECE-BBF6-017C68DE8CCF}.Ad-Hoc|iPhoneSimulator.ActiveCfg = Release|Any CPU
		{D8585F5A-C4DF-4ECE-BBF6-017C68DE8CCF}.Ad-Hoc|iPhoneSimulator.Build.0 = Release|Any CPU
		{D8585F5A-C4DF-4ECE-BBF6-017C68DE8CCF}.Ad-Hoc|x64.ActiveCfg = Release|Any CPU
		{D8585F5A-C4DF-4ECE-BBF6-017C68DE8CCF}.Ad-Hoc|x64.Build.0 = Release|Any CPU
		{D8585F5A-C4DF-4ECE-BBF6-017C68DE8CCF}.Ad-Hoc|x86.ActiveCfg = Release|Any CPU
		{D8585F5A-C4DF-4ECE-BBF6-017C68DE8CCF}.Ad-Hoc|x86.Build.0 = Release|Any CPU
		{D8585F5A-C4DF-4ECE-BBF6-017C68DE8CCF}.AppStore|Any CPU.ActiveCfg = Release|Any CPU
		{D8585F5A-C4DF-4ECE-BBF6-017C68DE8CCF}.AppStore|Any CPU.Build.0 = Release|Any CPU
		{D8585F5A-C4DF-4ECE-BBF6-017C68DE8CCF}.AppStore|ARM.ActiveCfg = Release|Any CPU
		{D8585F5A-C4DF-4ECE-BBF6-017C68DE8CCF}.AppStore|ARM.Build.0 = Release|Any CPU
		{D8585F5A-C4DF-4ECE-BBF6-017C68DE8CCF}.AppStore|iPhone.ActiveCfg = Release|Any CPU
		{D8585F5A-C4DF-4ECE-BBF6-017C68DE8CCF}.AppStore|iPhone.Build.0 = Release|Any CPU
		{D8585F5A-C4DF-4ECE-BBF6-017C68DE8CCF}.AppStore|iPhoneSimulator.ActiveCfg = Release|Any CPU
		{D8585F5A-C4DF-4ECE-BBF6-017C68DE8CCF}.AppStore|iPhoneSimulator.Build.0 = Release|Any CPU
		{D8585F5A-C4DF-4ECE-BBF6-017C68DE8CCF}.AppStore|x64.ActiveCfg = Release|Any CPU
		{D8585F5A-C4DF-4ECE-BBF6-017C68DE8CCF}.AppStore|x64.Build.0 = Release|Any CPU
		{D8585F5A-C4DF-4ECE-BBF6-017C68DE8CCF}.AppStore|x86.ActiveCfg = Release|Any CPU
		{D8585F5A-C4DF-4ECE-BBF6-017C68DE8CCF}.AppStore|x86.Build.0 = Release|Any CPU
		{D8585F5A-C4DF-4ECE-BBF6-017C68DE8CCF}.Debug|Any CPU.ActiveCfg = Debug|Any CPU
		{D8585F5A-C4DF-4ECE-BBF6-017C68DE8CCF}.Debug|Any CPU.Build.0 = Debug|Any CPU
		{D8585F5A-C4DF-4ECE-BBF6-017C68DE8CCF}.Debug|ARM.ActiveCfg = Debug|Any CPU
		{D8585F5A-C4DF-4ECE-BBF6-017C68DE8CCF}.Debug|ARM.Build.0 = Debug|Any CPU
		{D8585F5A-C4DF-4ECE-BBF6-017C68DE8CCF}.Debug|iPhone.ActiveCfg = Debug|Any CPU
		{D8585F5A-C4DF-4ECE-BBF6-017C68DE8CCF}.Debug|iPhone.Build.0 = Debug|Any CPU
		{D8585F5A-C4DF-4ECE-BBF6-017C68DE8CCF}.Debug|iPhoneSimulator.ActiveCfg = Debug|Any CPU
		{D8585F5A-C4DF-4ECE-BBF6-017C68DE8CCF}.Debug|iPhoneSimulator.Build.0 = Debug|Any CPU
		{D8585F5A-C4DF-4ECE-BBF6-017C68DE8CCF}.Debug|x64.ActiveCfg = Debug|Any CPU
		{D8585F5A-C4DF-4ECE-BBF6-017C68DE8CCF}.Debug|x64.Build.0 = Debug|Any CPU
		{D8585F5A-C4DF-4ECE-BBF6-017C68DE8CCF}.Debug|x86.ActiveCfg = Debug|Any CPU
		{D8585F5A-C4DF-4ECE-BBF6-017C68DE8CCF}.Debug|x86.Build.0 = Debug|Any CPU
		{D8585F5A-C4DF-4ECE-BBF6-017C68DE8CCF}.Release|Any CPU.ActiveCfg = Release|Any CPU
		{D8585F5A-C4DF-4ECE-BBF6-017C68DE8CCF}.Release|Any CPU.Build.0 = Release|Any CPU
		{D8585F5A-C4DF-4ECE-BBF6-017C68DE8CCF}.Release|ARM.ActiveCfg = Release|Any CPU
		{D8585F5A-C4DF-4ECE-BBF6-017C68DE8CCF}.Release|ARM.Build.0 = Release|Any CPU
		{D8585F5A-C4DF-4ECE-BBF6-017C68DE8CCF}.Release|iPhone.ActiveCfg = Release|Any CPU
		{D8585F5A-C4DF-4ECE-BBF6-017C68DE8CCF}.Release|iPhone.Build.0 = Release|Any CPU
		{D8585F5A-C4DF-4ECE-BBF6-017C68DE8CCF}.Release|iPhoneSimulator.ActiveCfg = Release|Any CPU
		{D8585F5A-C4DF-4ECE-BBF6-017C68DE8CCF}.Release|iPhoneSimulator.Build.0 = Release|Any CPU
		{D8585F5A-C4DF-4ECE-BBF6-017C68DE8CCF}.Release|x64.ActiveCfg = Release|Any CPU
		{D8585F5A-C4DF-4ECE-BBF6-017C68DE8CCF}.Release|x64.Build.0 = Release|Any CPU
		{D8585F5A-C4DF-4ECE-BBF6-017C68DE8CCF}.Release|x86.ActiveCfg = Release|Any CPU
		{D8585F5A-C4DF-4ECE-BBF6-017C68DE8CCF}.Release|x86.Build.0 = Release|Any CPU
		{8224F717-5B07-4649-8254-37F23D5BF136}.Ad-Hoc|Any CPU.ActiveCfg = Release|Any CPU
		{8224F717-5B07-4649-8254-37F23D5BF136}.Ad-Hoc|Any CPU.Build.0 = Release|Any CPU
		{8224F717-5B07-4649-8254-37F23D5BF136}.Ad-Hoc|Any CPU.Deploy.0 = Release|Any CPU
		{8224F717-5B07-4649-8254-37F23D5BF136}.Ad-Hoc|ARM.ActiveCfg = Release|Any CPU
		{8224F717-5B07-4649-8254-37F23D5BF136}.Ad-Hoc|ARM.Build.0 = Release|Any CPU
		{8224F717-5B07-4649-8254-37F23D5BF136}.Ad-Hoc|ARM.Deploy.0 = Release|Any CPU
		{8224F717-5B07-4649-8254-37F23D5BF136}.Ad-Hoc|iPhone.ActiveCfg = Release|Any CPU
		{8224F717-5B07-4649-8254-37F23D5BF136}.Ad-Hoc|iPhone.Build.0 = Release|Any CPU
		{8224F717-5B07-4649-8254-37F23D5BF136}.Ad-Hoc|iPhone.Deploy.0 = Release|Any CPU
		{8224F717-5B07-4649-8254-37F23D5BF136}.Ad-Hoc|iPhoneSimulator.ActiveCfg = Release|Any CPU
		{8224F717-5B07-4649-8254-37F23D5BF136}.Ad-Hoc|iPhoneSimulator.Build.0 = Release|Any CPU
		{8224F717-5B07-4649-8254-37F23D5BF136}.Ad-Hoc|iPhoneSimulator.Deploy.0 = Release|Any CPU
		{8224F717-5B07-4649-8254-37F23D5BF136}.Ad-Hoc|x64.ActiveCfg = Release|Any CPU
		{8224F717-5B07-4649-8254-37F23D5BF136}.Ad-Hoc|x64.Build.0 = Release|Any CPU
		{8224F717-5B07-4649-8254-37F23D5BF136}.Ad-Hoc|x64.Deploy.0 = Release|Any CPU
		{8224F717-5B07-4649-8254-37F23D5BF136}.Ad-Hoc|x86.ActiveCfg = Release|Any CPU
		{8224F717-5B07-4649-8254-37F23D5BF136}.Ad-Hoc|x86.Build.0 = Release|Any CPU
		{8224F717-5B07-4649-8254-37F23D5BF136}.Ad-Hoc|x86.Deploy.0 = Release|Any CPU
		{8224F717-5B07-4649-8254-37F23D5BF136}.AppStore|Any CPU.ActiveCfg = Release|Any CPU
		{8224F717-5B07-4649-8254-37F23D5BF136}.AppStore|Any CPU.Build.0 = Release|Any CPU
		{8224F717-5B07-4649-8254-37F23D5BF136}.AppStore|Any CPU.Deploy.0 = Release|Any CPU
		{8224F717-5B07-4649-8254-37F23D5BF136}.AppStore|ARM.ActiveCfg = Release|Any CPU
		{8224F717-5B07-4649-8254-37F23D5BF136}.AppStore|ARM.Build.0 = Release|Any CPU
		{8224F717-5B07-4649-8254-37F23D5BF136}.AppStore|ARM.Deploy.0 = Release|Any CPU
		{8224F717-5B07-4649-8254-37F23D5BF136}.AppStore|iPhone.ActiveCfg = Release|Any CPU
		{8224F717-5B07-4649-8254-37F23D5BF136}.AppStore|iPhone.Build.0 = Release|Any CPU
		{8224F717-5B07-4649-8254-37F23D5BF136}.AppStore|iPhone.Deploy.0 = Release|Any CPU
		{8224F717-5B07-4649-8254-37F23D5BF136}.AppStore|iPhoneSimulator.ActiveCfg = Release|Any CPU
		{8224F717-5B07-4649-8254-37F23D5BF136}.AppStore|iPhoneSimulator.Build.0 = Release|Any CPU
		{8224F717-5B07-4649-8254-37F23D5BF136}.AppStore|iPhoneSimulator.Deploy.0 = Release|Any CPU
		{8224F717-5B07-4649-8254-37F23D5BF136}.AppStore|x64.ActiveCfg = Release|Any CPU
		{8224F717-5B07-4649-8254-37F23D5BF136}.AppStore|x64.Build.0 = Release|Any CPU
		{8224F717-5B07-4649-8254-37F23D5BF136}.AppStore|x64.Deploy.0 = Release|Any CPU
		{8224F717-5B07-4649-8254-37F23D5BF136}.AppStore|x86.ActiveCfg = Release|Any CPU
		{8224F717-5B07-4649-8254-37F23D5BF136}.AppStore|x86.Build.0 = Release|Any CPU
		{8224F717-5B07-4649-8254-37F23D5BF136}.AppStore|x86.Deploy.0 = Release|Any CPU
		{8224F717-5B07-4649-8254-37F23D5BF136}.Debug|Any CPU.ActiveCfg = Debug|Any CPU
		{8224F717-5B07-4649-8254-37F23D5BF136}.Debug|Any CPU.Build.0 = Debug|Any CPU
		{8224F717-5B07-4649-8254-37F23D5BF136}.Debug|Any CPU.Deploy.0 = Debug|Any CPU
		{8224F717-5B07-4649-8254-37F23D5BF136}.Debug|ARM.ActiveCfg = Debug|Any CPU
		{8224F717-5B07-4649-8254-37F23D5BF136}.Debug|ARM.Build.0 = Debug|Any CPU
		{8224F717-5B07-4649-8254-37F23D5BF136}.Debug|ARM.Deploy.0 = Debug|Any CPU
		{8224F717-5B07-4649-8254-37F23D5BF136}.Debug|iPhone.ActiveCfg = Debug|Any CPU
		{8224F717-5B07-4649-8254-37F23D5BF136}.Debug|iPhone.Build.0 = Debug|Any CPU
		{8224F717-5B07-4649-8254-37F23D5BF136}.Debug|iPhone.Deploy.0 = Debug|Any CPU
		{8224F717-5B07-4649-8254-37F23D5BF136}.Debug|iPhoneSimulator.ActiveCfg = Debug|Any CPU
		{8224F717-5B07-4649-8254-37F23D5BF136}.Debug|iPhoneSimulator.Build.0 = Debug|Any CPU
		{8224F717-5B07-4649-8254-37F23D5BF136}.Debug|iPhoneSimulator.Deploy.0 = Debug|Any CPU
		{8224F717-5B07-4649-8254-37F23D5BF136}.Debug|x64.ActiveCfg = Debug|Any CPU
		{8224F717-5B07-4649-8254-37F23D5BF136}.Debug|x64.Build.0 = Debug|Any CPU
		{8224F717-5B07-4649-8254-37F23D5BF136}.Debug|x64.Deploy.0 = Debug|Any CPU
		{8224F717-5B07-4649-8254-37F23D5BF136}.Debug|x86.ActiveCfg = Debug|Any CPU
		{8224F717-5B07-4649-8254-37F23D5BF136}.Debug|x86.Build.0 = Debug|Any CPU
		{8224F717-5B07-4649-8254-37F23D5BF136}.Debug|x86.Deploy.0 = Debug|Any CPU
		{8224F717-5B07-4649-8254-37F23D5BF136}.Release|Any CPU.ActiveCfg = Release|Any CPU
		{8224F717-5B07-4649-8254-37F23D5BF136}.Release|Any CPU.Build.0 = Release|Any CPU
		{8224F717-5B07-4649-8254-37F23D5BF136}.Release|Any CPU.Deploy.0 = Release|Any CPU
		{8224F717-5B07-4649-8254-37F23D5BF136}.Release|ARM.ActiveCfg = Release|Any CPU
		{8224F717-5B07-4649-8254-37F23D5BF136}.Release|ARM.Build.0 = Release|Any CPU
		{8224F717-5B07-4649-8254-37F23D5BF136}.Release|ARM.Deploy.0 = Release|Any CPU
		{8224F717-5B07-4649-8254-37F23D5BF136}.Release|iPhone.ActiveCfg = Release|Any CPU
		{8224F717-5B07-4649-8254-37F23D5BF136}.Release|iPhone.Build.0 = Release|Any CPU
		{8224F717-5B07-4649-8254-37F23D5BF136}.Release|iPhone.Deploy.0 = Release|Any CPU
		{8224F717-5B07-4649-8254-37F23D5BF136}.Release|iPhoneSimulator.ActiveCfg = Release|Any CPU
		{8224F717-5B07-4649-8254-37F23D5BF136}.Release|iPhoneSimulator.Build.0 = Release|Any CPU
		{8224F717-5B07-4649-8254-37F23D5BF136}.Release|iPhoneSimulator.Deploy.0 = Release|Any CPU
		{8224F717-5B07-4649-8254-37F23D5BF136}.Release|x64.ActiveCfg = Release|Any CPU
		{8224F717-5B07-4649-8254-37F23D5BF136}.Release|x64.Build.0 = Release|Any CPU
		{8224F717-5B07-4649-8254-37F23D5BF136}.Release|x64.Deploy.0 = Release|Any CPU
		{8224F717-5B07-4649-8254-37F23D5BF136}.Release|x86.ActiveCfg = Release|Any CPU
		{8224F717-5B07-4649-8254-37F23D5BF136}.Release|x86.Build.0 = Release|Any CPU
		{8224F717-5B07-4649-8254-37F23D5BF136}.Release|x86.Deploy.0 = Release|Any CPU
		{33EE728D-A9BE-473F-B2C1-12EB1C727E93}.Ad-Hoc|Any CPU.ActiveCfg = Ad-Hoc|iPhone
		{33EE728D-A9BE-473F-B2C1-12EB1C727E93}.Ad-Hoc|ARM.ActiveCfg = Ad-Hoc|iPhone
		{33EE728D-A9BE-473F-B2C1-12EB1C727E93}.Ad-Hoc|iPhone.ActiveCfg = Ad-Hoc|iPhone
		{33EE728D-A9BE-473F-B2C1-12EB1C727E93}.Ad-Hoc|iPhone.Build.0 = Ad-Hoc|iPhone
		{33EE728D-A9BE-473F-B2C1-12EB1C727E93}.Ad-Hoc|iPhoneSimulator.ActiveCfg = Ad-Hoc|iPhoneSimulator
		{33EE728D-A9BE-473F-B2C1-12EB1C727E93}.Ad-Hoc|iPhoneSimulator.Build.0 = Ad-Hoc|iPhoneSimulator
		{33EE728D-A9BE-473F-B2C1-12EB1C727E93}.Ad-Hoc|x64.ActiveCfg = Ad-Hoc|iPhone
		{33EE728D-A9BE-473F-B2C1-12EB1C727E93}.Ad-Hoc|x86.ActiveCfg = Ad-Hoc|iPhone
		{33EE728D-A9BE-473F-B2C1-12EB1C727E93}.AppStore|Any CPU.ActiveCfg = AppStore|iPhone
		{33EE728D-A9BE-473F-B2C1-12EB1C727E93}.AppStore|ARM.ActiveCfg = AppStore|iPhone
		{33EE728D-A9BE-473F-B2C1-12EB1C727E93}.AppStore|iPhone.ActiveCfg = AppStore|iPhone
		{33EE728D-A9BE-473F-B2C1-12EB1C727E93}.AppStore|iPhone.Build.0 = AppStore|iPhone
		{33EE728D-A9BE-473F-B2C1-12EB1C727E93}.AppStore|iPhoneSimulator.ActiveCfg = AppStore|iPhoneSimulator
		{33EE728D-A9BE-473F-B2C1-12EB1C727E93}.AppStore|iPhoneSimulator.Build.0 = AppStore|iPhoneSimulator
		{33EE728D-A9BE-473F-B2C1-12EB1C727E93}.AppStore|x64.ActiveCfg = AppStore|iPhone
		{33EE728D-A9BE-473F-B2C1-12EB1C727E93}.AppStore|x86.ActiveCfg = AppStore|iPhone
		{33EE728D-A9BE-473F-B2C1-12EB1C727E93}.Debug|Any CPU.ActiveCfg = Debug|iPhone
		{33EE728D-A9BE-473F-B2C1-12EB1C727E93}.Debug|ARM.ActiveCfg = Debug|iPhone
		{33EE728D-A9BE-473F-B2C1-12EB1C727E93}.Debug|iPhone.ActiveCfg = Debug|iPhone
		{33EE728D-A9BE-473F-B2C1-12EB1C727E93}.Debug|iPhone.Build.0 = Debug|iPhone
		{33EE728D-A9BE-473F-B2C1-12EB1C727E93}.Debug|iPhoneSimulator.ActiveCfg = Debug|iPhoneSimulator
		{33EE728D-A9BE-473F-B2C1-12EB1C727E93}.Debug|iPhoneSimulator.Build.0 = Debug|iPhoneSimulator
		{33EE728D-A9BE-473F-B2C1-12EB1C727E93}.Debug|x64.ActiveCfg = Debug|iPhone
		{33EE728D-A9BE-473F-B2C1-12EB1C727E93}.Debug|x86.ActiveCfg = Debug|iPhone
		{33EE728D-A9BE-473F-B2C1-12EB1C727E93}.Release|Any CPU.ActiveCfg = Release|iPhone
		{33EE728D-A9BE-473F-B2C1-12EB1C727E93}.Release|ARM.ActiveCfg = Release|iPhone
		{33EE728D-A9BE-473F-B2C1-12EB1C727E93}.Release|iPhone.ActiveCfg = Release|iPhone
		{33EE728D-A9BE-473F-B2C1-12EB1C727E93}.Release|iPhone.Build.0 = Release|iPhone
		{33EE728D-A9BE-473F-B2C1-12EB1C727E93}.Release|iPhoneSimulator.ActiveCfg = Release|iPhoneSimulator
		{33EE728D-A9BE-473F-B2C1-12EB1C727E93}.Release|iPhoneSimulator.Build.0 = Release|iPhoneSimulator
		{33EE728D-A9BE-473F-B2C1-12EB1C727E93}.Release|x64.ActiveCfg = Release|iPhone
		{33EE728D-A9BE-473F-B2C1-12EB1C727E93}.Release|x86.ActiveCfg = Release|iPhone
		{4540119C-FFC8-45A5-B63F-80BF4E8B6A8F}.Ad-Hoc|Any CPU.ActiveCfg = Release|x86
		{4540119C-FFC8-45A5-B63F-80BF4E8B6A8F}.Ad-Hoc|Any CPU.Build.0 = Release|x86
		{4540119C-FFC8-45A5-B63F-80BF4E8B6A8F}.Ad-Hoc|Any CPU.Deploy.0 = Release|x86
		{4540119C-FFC8-45A5-B63F-80BF4E8B6A8F}.Ad-Hoc|ARM.ActiveCfg = Release|ARM
		{4540119C-FFC8-45A5-B63F-80BF4E8B6A8F}.Ad-Hoc|ARM.Build.0 = Release|ARM
		{4540119C-FFC8-45A5-B63F-80BF4E8B6A8F}.Ad-Hoc|ARM.Deploy.0 = Release|ARM
		{4540119C-FFC8-45A5-B63F-80BF4E8B6A8F}.Ad-Hoc|iPhone.ActiveCfg = Release|x86
		{4540119C-FFC8-45A5-B63F-80BF4E8B6A8F}.Ad-Hoc|iPhone.Build.0 = Release|x86
		{4540119C-FFC8-45A5-B63F-80BF4E8B6A8F}.Ad-Hoc|iPhone.Deploy.0 = Release|x86
		{4540119C-FFC8-45A5-B63F-80BF4E8B6A8F}.Ad-Hoc|iPhoneSimulator.ActiveCfg = Release|x86
		{4540119C-FFC8-45A5-B63F-80BF4E8B6A8F}.Ad-Hoc|iPhoneSimulator.Build.0 = Release|x86
		{4540119C-FFC8-45A5-B63F-80BF4E8B6A8F}.Ad-Hoc|iPhoneSimulator.Deploy.0 = Release|x86
		{4540119C-FFC8-45A5-B63F-80BF4E8B6A8F}.Ad-Hoc|x64.ActiveCfg = Release|x64
		{4540119C-FFC8-45A5-B63F-80BF4E8B6A8F}.Ad-Hoc|x64.Build.0 = Release|x64
		{4540119C-FFC8-45A5-B63F-80BF4E8B6A8F}.Ad-Hoc|x64.Deploy.0 = Release|x64
		{4540119C-FFC8-45A5-B63F-80BF4E8B6A8F}.Ad-Hoc|x86.ActiveCfg = Release|x86
		{4540119C-FFC8-45A5-B63F-80BF4E8B6A8F}.Ad-Hoc|x86.Build.0 = Release|x86
		{4540119C-FFC8-45A5-B63F-80BF4E8B6A8F}.Ad-Hoc|x86.Deploy.0 = Release|x86
		{4540119C-FFC8-45A5-B63F-80BF4E8B6A8F}.AppStore|Any CPU.ActiveCfg = Release|x86
		{4540119C-FFC8-45A5-B63F-80BF4E8B6A8F}.AppStore|Any CPU.Build.0 = Release|x86
		{4540119C-FFC8-45A5-B63F-80BF4E8B6A8F}.AppStore|Any CPU.Deploy.0 = Release|x86
		{4540119C-FFC8-45A5-B63F-80BF4E8B6A8F}.AppStore|ARM.ActiveCfg = Release|ARM
		{4540119C-FFC8-45A5-B63F-80BF4E8B6A8F}.AppStore|ARM.Build.0 = Release|ARM
		{4540119C-FFC8-45A5-B63F-80BF4E8B6A8F}.AppStore|ARM.Deploy.0 = Release|ARM
		{4540119C-FFC8-45A5-B63F-80BF4E8B6A8F}.AppStore|iPhone.ActiveCfg = Release|x86
		{4540119C-FFC8-45A5-B63F-80BF4E8B6A8F}.AppStore|iPhone.Build.0 = Release|x86
		{4540119C-FFC8-45A5-B63F-80BF4E8B6A8F}.AppStore|iPhone.Deploy.0 = Release|x86
		{4540119C-FFC8-45A5-B63F-80BF4E8B6A8F}.AppStore|iPhoneSimulator.ActiveCfg = Release|x86
		{4540119C-FFC8-45A5-B63F-80BF4E8B6A8F}.AppStore|iPhoneSimulator.Build.0 = Release|x86
		{4540119C-FFC8-45A5-B63F-80BF4E8B6A8F}.AppStore|iPhoneSimulator.Deploy.0 = Release|x86
		{4540119C-FFC8-45A5-B63F-80BF4E8B6A8F}.AppStore|x64.ActiveCfg = Release|x64
		{4540119C-FFC8-45A5-B63F-80BF4E8B6A8F}.AppStore|x64.Build.0 = Release|x64
		{4540119C-FFC8-45A5-B63F-80BF4E8B6A8F}.AppStore|x64.Deploy.0 = Release|x64
		{4540119C-FFC8-45A5-B63F-80BF4E8B6A8F}.AppStore|x86.ActiveCfg = Release|x86
		{4540119C-FFC8-45A5-B63F-80BF4E8B6A8F}.AppStore|x86.Build.0 = Release|x86
		{4540119C-FFC8-45A5-B63F-80BF4E8B6A8F}.AppStore|x86.Deploy.0 = Release|x86
		{4540119C-FFC8-45A5-B63F-80BF4E8B6A8F}.Debug|Any CPU.ActiveCfg = Debug|x86
		{4540119C-FFC8-45A5-B63F-80BF4E8B6A8F}.Debug|ARM.ActiveCfg = Debug|ARM
		{4540119C-FFC8-45A5-B63F-80BF4E8B6A8F}.Debug|ARM.Build.0 = Debug|ARM
		{4540119C-FFC8-45A5-B63F-80BF4E8B6A8F}.Debug|ARM.Deploy.0 = Debug|ARM
		{4540119C-FFC8-45A5-B63F-80BF4E8B6A8F}.Debug|iPhone.ActiveCfg = Debug|x86
		{4540119C-FFC8-45A5-B63F-80BF4E8B6A8F}.Debug|iPhoneSimulator.ActiveCfg = Debug|x86
		{4540119C-FFC8-45A5-B63F-80BF4E8B6A8F}.Debug|x64.ActiveCfg = Debug|x64
		{4540119C-FFC8-45A5-B63F-80BF4E8B6A8F}.Debug|x64.Build.0 = Debug|x64
		{4540119C-FFC8-45A5-B63F-80BF4E8B6A8F}.Debug|x64.Deploy.0 = Debug|x64
		{4540119C-FFC8-45A5-B63F-80BF4E8B6A8F}.Debug|x86.ActiveCfg = Debug|x86
		{4540119C-FFC8-45A5-B63F-80BF4E8B6A8F}.Debug|x86.Build.0 = Debug|x86
		{4540119C-FFC8-45A5-B63F-80BF4E8B6A8F}.Debug|x86.Deploy.0 = Debug|x86
		{4540119C-FFC8-45A5-B63F-80BF4E8B6A8F}.Release|Any CPU.ActiveCfg = Release|x86
		{4540119C-FFC8-45A5-B63F-80BF4E8B6A8F}.Release|ARM.ActiveCfg = Release|ARM
		{4540119C-FFC8-45A5-B63F-80BF4E8B6A8F}.Release|ARM.Build.0 = Release|ARM
		{4540119C-FFC8-45A5-B63F-80BF4E8B6A8F}.Release|ARM.Deploy.0 = Release|ARM
		{4540119C-FFC8-45A5-B63F-80BF4E8B6A8F}.Release|iPhone.ActiveCfg = Release|x86
		{4540119C-FFC8-45A5-B63F-80BF4E8B6A8F}.Release|iPhoneSimulator.ActiveCfg = Release|x86
		{4540119C-FFC8-45A5-B63F-80BF4E8B6A8F}.Release|x64.ActiveCfg = Release|x64
		{4540119C-FFC8-45A5-B63F-80BF4E8B6A8F}.Release|x64.Build.0 = Release|x64
		{4540119C-FFC8-45A5-B63F-80BF4E8B6A8F}.Release|x64.Deploy.0 = Release|x64
		{4540119C-FFC8-45A5-B63F-80BF4E8B6A8F}.Release|x86.ActiveCfg = Release|x86
		{4540119C-FFC8-45A5-B63F-80BF4E8B6A8F}.Release|x86.Build.0 = Release|x86
		{4540119C-FFC8-45A5-B63F-80BF4E8B6A8F}.Release|x86.Deploy.0 = Release|x86
	EndGlobalSection
	GlobalSection(SolutionProperties) = preSolution
		HideSolutionNode = FALSE
	EndGlobalSection
EndGlobal
